// !$*UTF8*$!
{
	archiveVersion = 1;
	classes = {
	};
	objectVersion = 55;
	objects = {

/* Begin PBXBuildFile section */
		0D27EF60279FAE4000A142AB /* AppDelegate.swift in Sources */ = {isa = PBXBuildFile; fileRef = 0D27EF5F279FAE4000A142AB /* AppDelegate.swift */; };
		0D27EF64279FAE4000A142AB /* LogInViewController.swift in Sources */ = {isa = PBXBuildFile; fileRef = 0D27EF63279FAE4000A142AB /* LogInViewController.swift */; };
		0D27EF69279FAE4200A142AB /* Assets.xcassets in Resources */ = {isa = PBXBuildFile; fileRef = 0D27EF68279FAE4200A142AB /* Assets.xcassets */; };
		0D27EF6C279FAE4200A142AB /* LaunchScreen.storyboard in Resources */ = {isa = PBXBuildFile; fileRef = 0D27EF6A279FAE4200A142AB /* LaunchScreen.storyboard */; };
		0D27EF76279FFE8300A142AB /* LoginView.swift in Sources */ = {isa = PBXBuildFile; fileRef = 0D27EF75279FFE8300A142AB /* LoginView.swift */; };
		0D27EF7927A04FCF00A142AB /* OnboardingContainerViewController.swift in Sources */ = {isa = PBXBuildFile; fileRef = 0D27EF7827A04FCF00A142AB /* OnboardingContainerViewController.swift */; };
		0D27EF7B27A053F400A142AB /* OnboardingViewController.swift in Sources */ = {isa = PBXBuildFile; fileRef = 0D27EF7A27A053F400A142AB /* OnboardingViewController.swift */; };
		0D27EF7D27A070A500A142AB /* DummyViewController.swift in Sources */ = {isa = PBXBuildFile; fileRef = 0D27EF7C27A070A500A142AB /* DummyViewController.swift */; };
		0D27EF7F27A070F100A142AB /* GradientView.swift in Sources */ = {isa = PBXBuildFile; fileRef = 0D27EF7E27A070F100A142AB /* GradientView.swift */; };
		0D27EF8227A071C400A142AB /* LocalState.swift in Sources */ = {isa = PBXBuildFile; fileRef = 0D27EF8127A071C400A142AB /* LocalState.swift */; };
		0D27EF8427A1013B00A142AB /* UIViewController+Utils.swift in Sources */ = {isa = PBXBuildFile; fileRef = 0D27EF8327A1013B00A142AB /* UIViewController+Utils.swift */; };
		0D27EF8627A101D500A142AB /* MainViewController.swift in Sources */ = {isa = PBXBuildFile; fileRef = 0D27EF8527A101D500A142AB /* MainViewController.swift */; };
		0D27EF8927A1960C00A142AB /* AccountSummaryViewController.swift in Sources */ = {isa = PBXBuildFile; fileRef = 0D27EF8827A1960C00A142AB /* AccountSummaryViewController.swift */; };
		0D27EF8B27A1982C00A142AB /* AccountSummaryHeaderView.swift in Sources */ = {isa = PBXBuildFile; fileRef = 0D27EF8A27A1982C00A142AB /* AccountSummaryHeaderView.swift */; };
		0D27EF8D27A1986C00A142AB /* AccountSummaryHeaderView.xib in Resources */ = {isa = PBXBuildFile; fileRef = 0D27EF8C27A1986C00A142AB /* AccountSummaryHeaderView.xib */; };
		0D27EF9127A278D900A142AB /* AccountSummaryCell.swift in Sources */ = {isa = PBXBuildFile; fileRef = 0D27EF9027A278D900A142AB /* AccountSummaryCell.swift */; };
		0D27EF9327A2870000A142AB /* Decimal+Utils.swift in Sources */ = {isa = PBXBuildFile; fileRef = 0D27EF9227A2870000A142AB /* Decimal+Utils.swift */; };
		0D27EF9527A2873000A142AB /* CurrencyFormatter.swift in Sources */ = {isa = PBXBuildFile; fileRef = 0D27EF9427A2873000A142AB /* CurrencyFormatter.swift */; };
		0D27EFA427A2CC9B00A142AB /* CurrencyFormatterTests.swift in Sources */ = {isa = PBXBuildFile; fileRef = 0D27EFA327A2CC9B00A142AB /* CurrencyFormatterTests.swift */; };
		0DB846CC27A3C734003C12EF /* NSNotificationName.swift in Sources */ = {isa = PBXBuildFile; fileRef = 0DB846CB27A3C734003C12EF /* NSNotificationName.swift */; };
		0DB846CE27A3C829003C12EF /* UITextField+SecureToggle.swift in Sources */ = {isa = PBXBuildFile; fileRef = 0DB846CD27A3C829003C12EF /* UITextField+SecureToggle.swift */; };
		0DB846D127A3D702003C12EF /* ShakeyBellView.swift in Sources */ = {isa = PBXBuildFile; fileRef = 0DB846D027A3D702003C12EF /* ShakeyBellView.swift */; };
/* End PBXBuildFile section */

/* Begin PBXContainerItemProxy section */
		0D27EF9E27A2CC8600A142AB /* PBXContainerItemProxy */ = {
			isa = PBXContainerItemProxy;
			containerPortal = 0D27EF54279FAE4000A142AB /* Project object */;
			proxyType = 1;
			remoteGlobalIDString = 0D27EF5B279FAE4000A142AB;
			remoteInfo = MyBank;
		};
/* End PBXContainerItemProxy section */

/* Begin PBXFileReference section */
		0D27EF5C279FAE4000A142AB /* MyBank.app */ = {isa = PBXFileReference; explicitFileType = wrapper.application; includeInIndex = 0; path = MyBank.app; sourceTree = BUILT_PRODUCTS_DIR; };
		0D27EF5F279FAE4000A142AB /* AppDelegate.swift */ = {isa = PBXFileReference; lastKnownFileType = sourcecode.swift; path = AppDelegate.swift; sourceTree = "<group>"; };
		0D27EF63279FAE4000A142AB /* LogInViewController.swift */ = {isa = PBXFileReference; lastKnownFileType = sourcecode.swift; path = LogInViewController.swift; sourceTree = "<group>"; };
		0D27EF68279FAE4200A142AB /* Assets.xcassets */ = {isa = PBXFileReference; lastKnownFileType = folder.assetcatalog; path = Assets.xcassets; sourceTree = "<group>"; };
		0D27EF6B279FAE4200A142AB /* Base */ = {isa = PBXFileReference; lastKnownFileType = file.storyboard; name = Base; path = Base.lproj/LaunchScreen.storyboard; sourceTree = "<group>"; };
		0D27EF6D279FAE4200A142AB /* Info.plist */ = {isa = PBXFileReference; lastKnownFileType = text.plist.xml; path = Info.plist; sourceTree = "<group>"; };
		0D27EF75279FFE8300A142AB /* LoginView.swift */ = {isa = PBXFileReference; lastKnownFileType = sourcecode.swift; path = LoginView.swift; sourceTree = "<group>"; };
		0D27EF7827A04FCF00A142AB /* OnboardingContainerViewController.swift */ = {isa = PBXFileReference; lastKnownFileType = sourcecode.swift; path = OnboardingContainerViewController.swift; sourceTree = "<group>"; };
		0D27EF7A27A053F400A142AB /* OnboardingViewController.swift */ = {isa = PBXFileReference; lastKnownFileType = sourcecode.swift; path = OnboardingViewController.swift; sourceTree = "<group>"; };
		0D27EF7C27A070A500A142AB /* DummyViewController.swift */ = {isa = PBXFileReference; lastKnownFileType = sourcecode.swift; path = DummyViewController.swift; sourceTree = "<group>"; };
		0D27EF7E27A070F100A142AB /* GradientView.swift */ = {isa = PBXFileReference; lastKnownFileType = sourcecode.swift; path = GradientView.swift; sourceTree = "<group>"; };
		0D27EF8127A071C400A142AB /* LocalState.swift */ = {isa = PBXFileReference; lastKnownFileType = sourcecode.swift; path = LocalState.swift; sourceTree = "<group>"; };
		0D27EF8327A1013B00A142AB /* UIViewController+Utils.swift */ = {isa = PBXFileReference; lastKnownFileType = sourcecode.swift; path = "UIViewController+Utils.swift"; sourceTree = "<group>"; };
		0D27EF8527A101D500A142AB /* MainViewController.swift */ = {isa = PBXFileReference; lastKnownFileType = sourcecode.swift; path = MainViewController.swift; sourceTree = "<group>"; };
		0D27EF8827A1960C00A142AB /* AccountSummaryViewController.swift */ = {isa = PBXFileReference; lastKnownFileType = sourcecode.swift; path = AccountSummaryViewController.swift; sourceTree = "<group>"; };
		0D27EF8A27A1982C00A142AB /* AccountSummaryHeaderView.swift */ = {isa = PBXFileReference; lastKnownFileType = sourcecode.swift; path = AccountSummaryHeaderView.swift; sourceTree = "<group>"; };
		0D27EF8C27A1986C00A142AB /* AccountSummaryHeaderView.xib */ = {isa = PBXFileReference; lastKnownFileType = file.xib; path = AccountSummaryHeaderView.xib; sourceTree = "<group>"; };
		0D27EF9027A278D900A142AB /* AccountSummaryCell.swift */ = {isa = PBXFileReference; lastKnownFileType = sourcecode.swift; path = AccountSummaryCell.swift; sourceTree = "<group>"; };
		0D27EF9227A2870000A142AB /* Decimal+Utils.swift */ = {isa = PBXFileReference; lastKnownFileType = sourcecode.swift; path = "Decimal+Utils.swift"; sourceTree = "<group>"; };
		0D27EF9427A2873000A142AB /* CurrencyFormatter.swift */ = {isa = PBXFileReference; lastKnownFileType = sourcecode.swift; path = CurrencyFormatter.swift; sourceTree = "<group>"; };
		0D27EF9A27A2CC8600A142AB /* MyBankUnitTests.xctest */ = {isa = PBXFileReference; explicitFileType = wrapper.cfbundle; includeInIndex = 0; path = MyBankUnitTests.xctest; sourceTree = BUILT_PRODUCTS_DIR; };
		0D27EFA327A2CC9B00A142AB /* CurrencyFormatterTests.swift */ = {isa = PBXFileReference; lastKnownFileType = sourcecode.swift; path = CurrencyFormatterTests.swift; sourceTree = "<group>"; };
		0DB846CB27A3C734003C12EF /* NSNotificationName.swift */ = {isa = PBXFileReference; lastKnownFileType = sourcecode.swift; path = NSNotificationName.swift; sourceTree = "<group>"; };
		0DB846CD27A3C829003C12EF /* UITextField+SecureToggle.swift */ = {isa = PBXFileReference; lastKnownFileType = sourcecode.swift; path = "UITextField+SecureToggle.swift"; sourceTree = "<group>"; };
		0DB846D027A3D702003C12EF /* ShakeyBellView.swift */ = {isa = PBXFileReference; lastKnownFileType = sourcecode.swift; path = ShakeyBellView.swift; sourceTree = "<group>"; };
/* End PBXFileReference section */

/* Begin PBXFrameworksBuildPhase section */
		0D27EF59279FAE4000A142AB /* Frameworks */ = {
			isa = PBXFrameworksBuildPhase;
			buildActionMask = 2147483647;
			files = (
			);
			runOnlyForDeploymentPostprocessing = 0;
		};
		0D27EF9727A2CC8600A142AB /* Frameworks */ = {
			isa = PBXFrameworksBuildPhase;
			buildActionMask = 2147483647;
			files = (
			);
			runOnlyForDeploymentPostprocessing = 0;
		};
/* End PBXFrameworksBuildPhase section */

/* Begin PBXGroup section */
		0D27EF53279FAE4000A142AB = {
			isa = PBXGroup;
			children = (
				0D27EF5E279FAE4000A142AB /* MyBank */,
				0D27EF9B27A2CC8600A142AB /* MyBankUnitTests */,
				0D27EF5D279FAE4000A142AB /* Products */,
			);
			sourceTree = "<group>";
		};
		0D27EF5D279FAE4000A142AB /* Products */ = {
			isa = PBXGroup;
			children = (
				0D27EF5C279FAE4000A142AB /* MyBank.app */,
				0D27EF9A27A2CC8600A142AB /* MyBankUnitTests.xctest */,
			);
			name = Products;
			sourceTree = "<group>";
		};
		0D27EF5E279FAE4000A142AB /* MyBank */ = {
			isa = PBXGroup;
			children = (
				0DB846CF27A3D6EB003C12EF /* Components */,
				0D27EF5F279FAE4000A142AB /* AppDelegate.swift */,
				0D27EF8527A101D500A142AB /* MainViewController.swift */,
				0D27EF74279FFE2B00A142AB /* Login */,
				0D27EF7727A04C4A00A142AB /* Onboarding */,
				0D27EF8727A195F500A142AB /* Account Summary */,
				0D27EF8027A071AD00A142AB /* Util */,
				0D27EF73279FFE1800A142AB /* Files */,
			);
			path = MyBank;
			sourceTree = "<group>";
		};
		0D27EF73279FFE1800A142AB /* Files */ = {
			isa = PBXGroup;
			children = (
				0D27EF68279FAE4200A142AB /* Assets.xcassets */,
				0D27EF6A279FAE4200A142AB /* LaunchScreen.storyboard */,
				0D27EF6D279FAE4200A142AB /* Info.plist */,
			);
			name = Files;
			sourceTree = "<group>";
		};
		0D27EF74279FFE2B00A142AB /* Login */ = {
			isa = PBXGroup;
			children = (
				0D27EF63279FAE4000A142AB /* LogInViewController.swift */,
				0D27EF75279FFE8300A142AB /* LoginView.swift */,
				0D27EF7C27A070A500A142AB /* DummyViewController.swift */,
				0D27EF7E27A070F100A142AB /* GradientView.swift */,
			);
			path = Login;
			sourceTree = "<group>";
		};
		0D27EF7727A04C4A00A142AB /* Onboarding */ = {
			isa = PBXGroup;
			children = (
				0D27EF7827A04FCF00A142AB /* OnboardingContainerViewController.swift */,
				0D27EF7A27A053F400A142AB /* OnboardingViewController.swift */,
			);
			path = Onboarding;
			sourceTree = "<group>";
		};
		0D27EF8027A071AD00A142AB /* Util */ = {
			isa = PBXGroup;
			children = (
				0D27EF8127A071C400A142AB /* LocalState.swift */,
				0D27EF8327A1013B00A142AB /* UIViewController+Utils.swift */,
				0D27EF9227A2870000A142AB /* Decimal+Utils.swift */,
				0D27EF9427A2873000A142AB /* CurrencyFormatter.swift */,
				0DB846CB27A3C734003C12EF /* NSNotificationName.swift */,
				0DB846CD27A3C829003C12EF /* UITextField+SecureToggle.swift */,
			);
			path = Util;
			sourceTree = "<group>";
		};
		0D27EF8727A195F500A142AB /* Account Summary */ = {
			isa = PBXGroup;
			children = (
				0D27EF8827A1960C00A142AB /* AccountSummaryViewController.swift */,
				0D27EF8E27A2789900A142AB /* Header */,
				0D27EF8F27A278B800A142AB /* Cells */,
			);
			path = "Account Summary";
			sourceTree = "<group>";
		};
		0D27EF8E27A2789900A142AB /* Header */ = {
			isa = PBXGroup;
			children = (
				0D27EF8A27A1982C00A142AB /* AccountSummaryHeaderView.swift */,
				0D27EF8C27A1986C00A142AB /* AccountSummaryHeaderView.xib */,
			);
			path = Header;
			sourceTree = "<group>";
		};
		0D27EF8F27A278B800A142AB /* Cells */ = {
			isa = PBXGroup;
			children = (
				0D27EF9027A278D900A142AB /* AccountSummaryCell.swift */,
			);
			path = Cells;
			sourceTree = "<group>";
		};
		0D27EF9B27A2CC8600A142AB /* MyBankUnitTests */ = {
			isa = PBXGroup;
			children = (
				0D27EFA327A2CC9B00A142AB /* CurrencyFormatterTests.swift */,
			);
			path = MyBankUnitTests;
			sourceTree = "<group>";
		};
		0DB846CF27A3D6EB003C12EF /* Components */ = {
			isa = PBXGroup;
			children = (
				0DB846D027A3D702003C12EF /* ShakeyBellView.swift */,
			);
			path = Components;
			sourceTree = "<group>";
		};
/* End PBXGroup section */

/* Begin PBXNativeTarget section */
		0D27EF5B279FAE4000A142AB /* MyBank */ = {
			isa = PBXNativeTarget;
			buildConfigurationList = 0D27EF70279FAE4200A142AB /* Build configuration list for PBXNativeTarget "MyBank" */;
			buildPhases = (
				0D27EF58279FAE4000A142AB /* Sources */,
				0D27EF59279FAE4000A142AB /* Frameworks */,
				0D27EF5A279FAE4000A142AB /* Resources */,
			);
			buildRules = (
			);
			dependencies = (
			);
			name = MyBank;
			productName = MyBank;
			productReference = 0D27EF5C279FAE4000A142AB /* MyBank.app */;
			productType = "com.apple.product-type.application";
		};
		0D27EF9927A2CC8600A142AB /* MyBankUnitTests */ = {
			isa = PBXNativeTarget;
			buildConfigurationList = 0D27EFA027A2CC8600A142AB /* Build configuration list for PBXNativeTarget "MyBankUnitTests" */;
			buildPhases = (
				0D27EF9627A2CC8600A142AB /* Sources */,
				0D27EF9727A2CC8600A142AB /* Frameworks */,
				0D27EF9827A2CC8600A142AB /* Resources */,
			);
			buildRules = (
			);
			dependencies = (
				0D27EF9F27A2CC8600A142AB /* PBXTargetDependency */,
			);
			name = MyBankUnitTests;
			productName = MyBankUnitTests;
			productReference = 0D27EF9A27A2CC8600A142AB /* MyBankUnitTests.xctest */;
			productType = "com.apple.product-type.bundle.unit-test";
		};
/* End PBXNativeTarget section */

/* Begin PBXProject section */
		0D27EF54279FAE4000A142AB /* Project object */ = {
			isa = PBXProject;
			attributes = {
				BuildIndependentTargetsInParallel = 1;
				LastSwiftUpdateCheck = 1310;
				LastUpgradeCheck = 1310;
				TargetAttributes = {
					0D27EF5B279FAE4000A142AB = {
						CreatedOnToolsVersion = 13.1;
					};
					0D27EF9927A2CC8600A142AB = {
						CreatedOnToolsVersion = 13.1;
						LastSwiftMigration = 1310;
						TestTargetID = 0D27EF5B279FAE4000A142AB;
					};
				};
			};
			buildConfigurationList = 0D27EF57279FAE4000A142AB /* Build configuration list for PBXProject "MyBank" */;
			compatibilityVersion = "Xcode 13.0";
			developmentRegion = en;
			hasScannedForEncodings = 0;
			knownRegions = (
				en,
				Base,
			);
			mainGroup = 0D27EF53279FAE4000A142AB;
			productRefGroup = 0D27EF5D279FAE4000A142AB /* Products */;
			projectDirPath = "";
			projectRoot = "";
			targets = (
				0D27EF5B279FAE4000A142AB /* MyBank */,
				0D27EF9927A2CC8600A142AB /* MyBankUnitTests */,
			);
		};
/* End PBXProject section */

/* Begin PBXResourcesBuildPhase section */
		0D27EF5A279FAE4000A142AB /* Resources */ = {
			isa = PBXResourcesBuildPhase;
			buildActionMask = 2147483647;
			files = (
				0D27EF8D27A1986C00A142AB /* AccountSummaryHeaderView.xib in Resources */,
				0D27EF6C279FAE4200A142AB /* LaunchScreen.storyboard in Resources */,
				0D27EF69279FAE4200A142AB /* Assets.xcassets in Resources */,
			);
			runOnlyForDeploymentPostprocessing = 0;
		};
		0D27EF9827A2CC8600A142AB /* Resources */ = {
			isa = PBXResourcesBuildPhase;
			buildActionMask = 2147483647;
			files = (
			);
			runOnlyForDeploymentPostprocessing = 0;
		};
/* End PBXResourcesBuildPhase section */

/* Begin PBXSourcesBuildPhase section */
		0D27EF58279FAE4000A142AB /* Sources */ = {
			isa = PBXSourcesBuildPhase;
			buildActionMask = 2147483647;
			files = (
				0D27EF8B27A1982C00A142AB /* AccountSummaryHeaderView.swift in Sources */,
				0D27EF9327A2870000A142AB /* Decimal+Utils.swift in Sources */,
				0DB846D127A3D702003C12EF /* ShakeyBellView.swift in Sources */,
				0D27EF9127A278D900A142AB /* AccountSummaryCell.swift in Sources */,
				0D27EF76279FFE8300A142AB /* LoginView.swift in Sources */,
				0D27EF9527A2873000A142AB /* CurrencyFormatter.swift in Sources */,
				0D27EF7D27A070A500A142AB /* DummyViewController.swift in Sources */,
				0D27EF64279FAE4000A142AB /* LogInViewController.swift in Sources */,
				0D27EF7B27A053F400A142AB /* OnboardingViewController.swift in Sources */,
				0D27EF7F27A070F100A142AB /* GradientView.swift in Sources */,
				0D27EF60279FAE4000A142AB /* AppDelegate.swift in Sources */,
				0D27EF8427A1013B00A142AB /* UIViewController+Utils.swift in Sources */,
				0DB846CE27A3C829003C12EF /* UITextField+SecureToggle.swift in Sources */,
				0D27EF7927A04FCF00A142AB /* OnboardingContainerViewController.swift in Sources */,
				0DB846CC27A3C734003C12EF /* NSNotificationName.swift in Sources */,
				0D27EF8927A1960C00A142AB /* AccountSummaryViewController.swift in Sources */,
				0D27EF8227A071C400A142AB /* LocalState.swift in Sources */,
				0D27EF8627A101D500A142AB /* MainViewController.swift in Sources */,
			);
			runOnlyForDeploymentPostprocessing = 0;
		};
		0D27EF9627A2CC8600A142AB /* Sources */ = {
			isa = PBXSourcesBuildPhase;
			buildActionMask = 2147483647;
			files = (
				0D27EFA427A2CC9B00A142AB /* CurrencyFormatterTests.swift in Sources */,
			);
			runOnlyForDeploymentPostprocessing = 0;
		};
/* End PBXSourcesBuildPhase section */

/* Begin PBXTargetDependency section */
		0D27EF9F27A2CC8600A142AB /* PBXTargetDependency */ = {
			isa = PBXTargetDependency;
			target = 0D27EF5B279FAE4000A142AB /* MyBank */;
			targetProxy = 0D27EF9E27A2CC8600A142AB /* PBXContainerItemProxy */;
		};
/* End PBXTargetDependency section */

/* Begin PBXVariantGroup section */
		0D27EF6A279FAE4200A142AB /* LaunchScreen.storyboard */ = {
			isa = PBXVariantGroup;
			children = (
				0D27EF6B279FAE4200A142AB /* Base */,
			);
			name = LaunchScreen.storyboard;
			sourceTree = "<group>";
		};
/* End PBXVariantGroup section */

/* Begin XCBuildConfiguration section */
		0D27EF6E279FAE4200A142AB /* Debug */ = {
			isa = XCBuildConfiguration;
			buildSettings = {
				ALWAYS_SEARCH_USER_PATHS = NO;
				CLANG_ANALYZER_NONNULL = YES;
				CLANG_ANALYZER_NUMBER_OBJECT_CONVERSION = YES_AGGRESSIVE;
				CLANG_CXX_LANGUAGE_STANDARD = "gnu++17";
				CLANG_CXX_LIBRARY = "libc++";
				CLANG_ENABLE_MODULES = YES;
				CLANG_ENABLE_OBJC_ARC = YES;
				CLANG_ENABLE_OBJC_WEAK = YES;
				CLANG_WARN_BLOCK_CAPTURE_AUTORELEASING = YES;
				CLANG_WARN_BOOL_CONVERSION = YES;
				CLANG_WARN_COMMA = YES;
				CLANG_WARN_CONSTANT_CONVERSION = YES;
				CLANG_WARN_DEPRECATED_OBJC_IMPLEMENTATIONS = YES;
				CLANG_WARN_DIRECT_OBJC_ISA_USAGE = YES_ERROR;
				CLANG_WARN_DOCUMENTATION_COMMENTS = YES;
				CLANG_WARN_EMPTY_BODY = YES;
				CLANG_WARN_ENUM_CONVERSION = YES;
				CLANG_WARN_INFINITE_RECURSION = YES;
				CLANG_WARN_INT_CONVERSION = YES;
				CLANG_WARN_NON_LITERAL_NULL_CONVERSION = YES;
				CLANG_WARN_OBJC_IMPLICIT_RETAIN_SELF = YES;
				CLANG_WARN_OBJC_LITERAL_CONVERSION = YES;
				CLANG_WARN_OBJC_ROOT_CLASS = YES_ERROR;
				CLANG_WARN_QUOTED_INCLUDE_IN_FRAMEWORK_HEADER = YES;
				CLANG_WARN_RANGE_LOOP_ANALYSIS = YES;
				CLANG_WARN_STRICT_PROTOTYPES = YES;
				CLANG_WARN_SUSPICIOUS_MOVE = YES;
				CLANG_WARN_UNGUARDED_AVAILABILITY = YES_AGGRESSIVE;
				CLANG_WARN_UNREACHABLE_CODE = YES;
				CLANG_WARN__DUPLICATE_METHOD_MATCH = YES;
				COPY_PHASE_STRIP = NO;
				DEBUG_INFORMATION_FORMAT = dwarf;
				ENABLE_STRICT_OBJC_MSGSEND = YES;
				ENABLE_TESTABILITY = YES;
				GCC_C_LANGUAGE_STANDARD = gnu11;
				GCC_DYNAMIC_NO_PIC = NO;
				GCC_NO_COMMON_BLOCKS = YES;
				GCC_OPTIMIZATION_LEVEL = 0;
				GCC_PREPROCESSOR_DEFINITIONS = (
					"DEBUG=1",
					"$(inherited)",
				);
				GCC_WARN_64_TO_32_BIT_CONVERSION = YES;
				GCC_WARN_ABOUT_RETURN_TYPE = YES_ERROR;
				GCC_WARN_UNDECLARED_SELECTOR = YES;
				GCC_WARN_UNINITIALIZED_AUTOS = YES_AGGRESSIVE;
				GCC_WARN_UNUSED_FUNCTION = YES;
				GCC_WARN_UNUSED_VARIABLE = YES;
				IPHONEOS_DEPLOYMENT_TARGET = 15.0;
				MTL_ENABLE_DEBUG_INFO = INCLUDE_SOURCE;
				MTL_FAST_MATH = YES;
				ONLY_ACTIVE_ARCH = YES;
				SDKROOT = iphoneos;
				SWIFT_ACTIVE_COMPILATION_CONDITIONS = DEBUG;
				SWIFT_OPTIMIZATION_LEVEL = "-Onone";
			};
			name = Debug;
		};
		0D27EF6F279FAE4200A142AB /* Release */ = {
			isa = XCBuildConfiguration;
			buildSettings = {
				ALWAYS_SEARCH_USER_PATHS = NO;
				CLANG_ANALYZER_NONNULL = YES;
				CLANG_ANALYZER_NUMBER_OBJECT_CONVERSION = YES_AGGRESSIVE;
				CLANG_CXX_LANGUAGE_STANDARD = "gnu++17";
				CLANG_CXX_LIBRARY = "libc++";
				CLANG_ENABLE_MODULES = YES;
				CLANG_ENABLE_OBJC_ARC = YES;
				CLANG_ENABLE_OBJC_WEAK = YES;
				CLANG_WARN_BLOCK_CAPTURE_AUTORELEASING = YES;
				CLANG_WARN_BOOL_CONVERSION = YES;
				CLANG_WARN_COMMA = YES;
				CLANG_WARN_CONSTANT_CONVERSION = YES;
				CLANG_WARN_DEPRECATED_OBJC_IMPLEMENTATIONS = YES;
				CLANG_WARN_DIRECT_OBJC_ISA_USAGE = YES_ERROR;
				CLANG_WARN_DOCUMENTATION_COMMENTS = YES;
				CLANG_WARN_EMPTY_BODY = YES;
				CLANG_WARN_ENUM_CONVERSION = YES;
				CLANG_WARN_INFINITE_RECURSION = YES;
				CLANG_WARN_INT_CONVERSION = YES;
				CLANG_WARN_NON_LITERAL_NULL_CONVERSION = YES;
				CLANG_WARN_OBJC_IMPLICIT_RETAIN_SELF = YES;
				CLANG_WARN_OBJC_LITERAL_CONVERSION = YES;
				CLANG_WARN_OBJC_ROOT_CLASS = YES_ERROR;
				CLANG_WARN_QUOTED_INCLUDE_IN_FRAMEWORK_HEADER = YES;
				CLANG_WARN_RANGE_LOOP_ANALYSIS = YES;
				CLANG_WARN_STRICT_PROTOTYPES = YES;
				CLANG_WARN_SUSPICIOUS_MOVE = YES;
				CLANG_WARN_UNGUARDED_AVAILABILITY = YES_AGGRESSIVE;
				CLANG_WARN_UNREACHABLE_CODE = YES;
				CLANG_WARN__DUPLICATE_METHOD_MATCH = YES;
				COPY_PHASE_STRIP = NO;
				DEBUG_INFORMATION_FORMAT = "dwarf-with-dsym";
				ENABLE_NS_ASSERTIONS = NO;
				ENABLE_STRICT_OBJC_MSGSEND = YES;
				GCC_C_LANGUAGE_STANDARD = gnu11;
				GCC_NO_COMMON_BLOCKS = YES;
				GCC_WARN_64_TO_32_BIT_CONVERSION = YES;
				GCC_WARN_ABOUT_RETURN_TYPE = YES_ERROR;
				GCC_WARN_UNDECLARED_SELECTOR = YES;
				GCC_WARN_UNINITIALIZED_AUTOS = YES_AGGRESSIVE;
				GCC_WARN_UNUSED_FUNCTION = YES;
				GCC_WARN_UNUSED_VARIABLE = YES;
				IPHONEOS_DEPLOYMENT_TARGET = 15.0;
				MTL_ENABLE_DEBUG_INFO = NO;
				MTL_FAST_MATH = YES;
				SDKROOT = iphoneos;
				SWIFT_COMPILATION_MODE = wholemodule;
				SWIFT_OPTIMIZATION_LEVEL = "-O";
				VALIDATE_PRODUCT = YES;
			};
			name = Release;
		};
		0D27EF71279FAE4200A142AB /* Debug */ = {
			isa = XCBuildConfiguration;
			buildSettings = {
				ASSETCATALOG_COMPILER_APPICON_NAME = AppIcon;
				ASSETCATALOG_COMPILER_GLOBAL_ACCENT_COLOR_NAME = AccentColor;
				CODE_SIGN_STYLE = Automatic;
				CURRENT_PROJECT_VERSION = 1;
				GENERATE_INFOPLIST_FILE = YES;
				INFOPLIST_FILE = MyBank/Info.plist;
				INFOPLIST_KEY_UIApplicationSupportsIndirectInputEvents = YES;
				INFOPLIST_KEY_UILaunchStoryboardName = LaunchScreen;
				INFOPLIST_KEY_UIMainStoryboardFile = "";
				INFOPLIST_KEY_UISupportedInterfaceOrientations_iPad = "UIInterfaceOrientationPortrait UIInterfaceOrientationPortraitUpsideDown UIInterfaceOrientationLandscapeLeft UIInterfaceOrientationLandscapeRight";
				INFOPLIST_KEY_UISupportedInterfaceOrientations_iPhone = "UIInterfaceOrientationPortrait UIInterfaceOrientationLandscapeLeft UIInterfaceOrientationLandscapeRight";
				LD_RUNPATH_SEARCH_PATHS = (
					"$(inherited)",
					"@executable_path/Frameworks",
				);
				MARKETING_VERSION = 1.0;
				PRODUCT_BUNDLE_IDENTIFIER = com.personal.MyBank;
				PRODUCT_NAME = "$(TARGET_NAME)";
				SWIFT_EMIT_LOC_STRINGS = YES;
				SWIFT_VERSION = 5.0;
				TARGETED_DEVICE_FAMILY = "1,2";
			};
			name = Debug;
		};
		0D27EF72279FAE4200A142AB /* Release */ = {
			isa = XCBuildConfiguration;
			buildSettings = {
				ASSETCATALOG_COMPILER_APPICON_NAME = AppIcon;
				ASSETCATALOG_COMPILER_GLOBAL_ACCENT_COLOR_NAME = AccentColor;
				CODE_SIGN_STYLE = Automatic;
				CURRENT_PROJECT_VERSION = 1;
				GENERATE_INFOPLIST_FILE = YES;
				INFOPLIST_FILE = MyBank/Info.plist;
				INFOPLIST_KEY_UIApplicationSupportsIndirectInputEvents = YES;
				INFOPLIST_KEY_UILaunchStoryboardName = LaunchScreen;
				INFOPLIST_KEY_UIMainStoryboardFile = "";
				INFOPLIST_KEY_UISupportedInterfaceOrientations_iPad = "UIInterfaceOrientationPortrait UIInterfaceOrientationPortraitUpsideDown UIInterfaceOrientationLandscapeLeft UIInterfaceOrientationLandscapeRight";
				INFOPLIST_KEY_UISupportedInterfaceOrientations_iPhone = "UIInterfaceOrientationPortrait UIInterfaceOrientationLandscapeLeft UIInterfaceOrientationLandscapeRight";
				LD_RUNPATH_SEARCH_PATHS = (
					"$(inherited)",
					"@executable_path/Frameworks",
				);
				MARKETING_VERSION = 1.0;
				PRODUCT_BUNDLE_IDENTIFIER = com.personal.MyBank;
				PRODUCT_NAME = "$(TARGET_NAME)";
				SWIFT_EMIT_LOC_STRINGS = YES;
				SWIFT_VERSION = 5.0;
				TARGETED_DEVICE_FAMILY = "1,2";
			};
			name = Release;
		};
		0D27EFA127A2CC8600A142AB /* Debug */ = {
			isa = XCBuildConfiguration;
			buildSettings = {
				BUNDLE_LOADER = "$(TEST_HOST)";
				CLANG_ENABLE_MODULES = YES;
				CODE_SIGN_STYLE = Automatic;
				CURRENT_PROJECT_VERSION = 1;
				GENERATE_INFOPLIST_FILE = YES;
				LD_RUNPATH_SEARCH_PATHS = (
					"$(inherited)",
					"@executable_path/Frameworks",
					"@loader_path/Frameworks",
				);
				MARKETING_VERSION = 1.0;
				PRODUCT_BUNDLE_IDENTIFIER = com.personal.MyBankUnitTests;
				PRODUCT_NAME = "$(TARGET_NAME)";
				SWIFT_EMIT_LOC_STRINGS = NO;
				SWIFT_OPTIMIZATION_LEVEL = "-Onone";
				SWIFT_VERSION = 5.0;
				TARGETED_DEVICE_FAMILY = "1,2";
				TEST_HOST = "$(BUILT_PRODUCTS_DIR)/MyBank.app/MyBank";
			};
			name = Debug;
		};
		0D27EFA227A2CC8600A142AB /* Release */ = {
			isa = XCBuildConfiguration;
			buildSettings = {
				BUNDLE_LOADER = "$(TEST_HOST)";
				CLANG_ENABLE_MODULES = YES;
				CODE_SIGN_STYLE = Automatic;
				CURRENT_PROJECT_VERSION = 1;
				GENERATE_INFOPLIST_FILE = YES;
				LD_RUNPATH_SEARCH_PATHS = (
					"$(inherited)",
					"@executable_path/Frameworks",
					"@loader_path/Frameworks",
				);
				MARKETING_VERSION = 1.0;
				PRODUCT_BUNDLE_IDENTIFIER = com.personal.MyBankUnitTests;
				PRODUCT_NAME = "$(TARGET_NAME)";
				SWIFT_EMIT_LOC_STRINGS = NO;
				SWIFT_VERSION = 5.0;
				TARGETED_DEVICE_FAMILY = "1,2";
				TEST_HOST = "$(BUILT_PRODUCTS_DIR)/MyBank.app/MyBank";
			};
			name = Release;
		};
/* End XCBuildConfiguration section */

/* Begin XCConfigurationList section */
		0D27EF57279FAE4000A142AB /* Build configuration list for PBXProject "MyBank" */ = {
			isa = XCConfigurationList;
			buildConfigurations = (
				0D27EF6E279FAE4200A142AB /* Debug */,
				0D27EF6F279FAE4200A142AB /* Release */,
			);
			defaultConfigurationIsVisible = 0;
			defaultConfigurationName = Release;
		};
		0D27EF70279FAE4200A142AB /* Build configuration list for PBXNativeTarget "MyBank" */ = {
			isa = XCConfigurationList;
			buildConfigurations = (
				0D27EF71279FAE4200A142AB /* Debug */,
				0D27EF72279FAE4200A142AB /* Release */,
			);
			defaultConfigurationIsVisible = 0;
			defaultConfigurationName = Release;
		};
		0D27EFA027A2CC8600A142AB /* Build configuration list for PBXNativeTarget "MyBankUnitTests" */ = {
			isa = XCConfigurationList;
			buildConfigurations = (
				0D27EFA127A2CC8600A142AB /* Debug */,
				0D27EFA227A2CC8600A142AB /* Release */,
			);
			defaultConfigurationIsVisible = 0;
			defaultConfigurationName = Release;
		};
/* End XCConfigurationList section */
	};
	rootObject = 0D27EF54279FAE4000A142AB /* Project object */;
}
